
Microsoft Visual Studio Solution File, Format Version 12.00
# Visual Studio 2013
VisualStudioVersion = 12.0.21005.1
MinimumVisualStudioVersion = 10.0.40219.1
Project("{FAE04EC0-301F-11D3-BF4B-00C04F79EFBC}") = "QuidditchWorldCup", "QuidditchWorldCup\QuidditchWorldCup.csproj", "{63B155E0-839F-443C-9A77-5402F5FB1097}"
EndProject
Project("{FAE04EC0-301F-11D3-BF4B-00C04F79EFBC}") = "BusinessLayer", "BusinessLayer\BusinessLayer.csproj", "{9BC3AF70-792A-47DE-B9C4-765AAC86BC92}"
EndProject
Project("{FAE04EC0-301F-11D3-BF4B-00C04F79EFBC}") = "DataAccessLayer", "DataAccessLayer\DataAccessLayer.csproj", "{C1151229-E770-4BF7-B773-9C33B1822F30}"
EndProject
Project("{FAE04EC0-301F-11D3-BF4B-00C04F79EFBC}") = "QuidditchWPF", "QuidditchWPF\QuidditchWPF.csproj", "{557CBE10-A77A-4B2B-A6A2-0BB4A19C96DC}"
EndProject
Project("{FAE04EC0-301F-11D3-BF4B-00C04F79EFBC}") = "WindowsFormsQuidditch", "WindowsFormsQuidditch\WindowsFormsQuidditch.csproj", "{C6FF5466-5E41-4D30-B65D-2098C30AF5C5}"
	ProjectSection(ProjectDependencies) = postProject
		{29FF0C86-2799-4A4B-B029-E4D03878D674} = {29FF0C86-2799-4A4B-B029-E4D03878D674}
	EndProjectSection
EndProject
Project("{E24C65DC-7377-472B-9ABA-BC803B73C61A}") = "WCFServiceQuidditch", "http://localhost:55996", "{29FF0C86-2799-4A4B-B029-E4D03878D674}"
	ProjectSection(WebsiteProperties) = preProject
		UseIISExpress = "true"
		TargetFrameworkMoniker = ".NETFramework,Version%3Dv4.5"
		ProjectReferences = "{9bc3af70-792a-47de-b9c4-765aac86bc92}|BusinessLayer.dll;{C1151229-E770-4BF7-B773-9C33B1822F30}|DataAccessLayer.dll;"
		Debug.AspNetCompiler.VirtualPath = "/localhost_55996"
		Debug.AspNetCompiler.PhysicalPath = "..\..\WebSites\WCFServiceQuidditch\"
		Debug.AspNetCompiler.TargetPath = "PrecompiledWeb\localhost_55996\"
		Debug.AspNetCompiler.Updateable = "true"
		Debug.AspNetCompiler.ForceOverwrite = "true"
		Debug.AspNetCompiler.FixedNames = "false"
		Debug.AspNetCompiler.Debug = "True"
		Release.AspNetCompiler.VirtualPath = "/localhost_55996"
		Release.AspNetCompiler.PhysicalPath = "..\..\WebSites\WCFServiceQuidditch\"
		Release.AspNetCompiler.TargetPath = "PrecompiledWeb\localhost_55996\"
		Release.AspNetCompiler.Updateable = "true"
		Release.AspNetCompiler.ForceOverwrite = "true"
		Release.AspNetCompiler.FixedNames = "false"
		Release.AspNetCompiler.Debug = "False"
		SlnRelativePath = "..\..\WebSites\WCFServiceQuidditch\"
		DefaultWebSiteLanguage = "Visual C#"
	EndProjectSection
EndProject
Project("{FAE04EC0-301F-11D3-BF4B-00C04F79EFBC}") = "UnitTestDatabase", "UnitTestDatabase\UnitTestDatabase.csproj", "{1C375568-0742-493F-B985-B867186B674E}"
EndProject
Global
	GlobalSection(SolutionConfigurationPlatforms) = preSolution
		Debug|Any CPU = Debug|Any CPU
		Release|Any CPU = Release|Any CPU
	EndGlobalSection
	GlobalSection(ProjectConfigurationPlatforms) = postSolution
		{63B155E0-839F-443C-9A77-5402F5FB1097}.Debug|Any CPU.ActiveCfg = Debug|Any CPU
		{63B155E0-839F-443C-9A77-5402F5FB1097}.Debug|Any CPU.Build.0 = Debug|Any CPU
		{63B155E0-839F-443C-9A77-5402F5FB1097}.Release|Any CPU.ActiveCfg = Release|Any CPU
		{63B155E0-839F-443C-9A77-5402F5FB1097}.Release|Any CPU.Build.0 = Release|Any CPU
		{9BC3AF70-792A-47DE-B9C4-765AAC86BC92}.Debug|Any CPU.ActiveCfg = Debug|Any CPU
		{9BC3AF70-792A-47DE-B9C4-765AAC86BC92}.Debug|Any CPU.Build.0 = Debug|Any CPU
		{9BC3AF70-792A-47DE-B9C4-765AAC86BC92}.Release|Any CPU.ActiveCfg = Release|Any CPU
		{9BC3AF70-792A-47DE-B9C4-765AAC86BC92}.Release|Any CPU.Build.0 = Release|Any CPU
		{C1151229-E770-4BF7-B773-9C33B1822F30}.Debug|Any CPU.ActiveCfg = Debug|Any CPU
		{C1151229-E770-4BF7-B773-9C33B1822F30}.Debug|Any CPU.Build.0 = Debug|Any CPU
		{C1151229-E770-4BF7-B773-9C33B1822F30}.Release|Any CPU.ActiveCfg = Release|Any CPU
		{C1151229-E770-4BF7-B773-9C33B1822F30}.Release|Any CPU.Build.0 = Release|Any CPU
		{557CBE10-A77A-4B2B-A6A2-0BB4A19C96DC}.Debug|Any CPU.ActiveCfg = Debug|Any CPU
		{557CBE10-A77A-4B2B-A6A2-0BB4A19C96DC}.Debug|Any CPU.Build.0 = Debug|Any CPU
		{557CBE10-A77A-4B2B-A6A2-0BB4A19C96DC}.Release|Any CPU.ActiveCfg = Release|Any CPU
		{557CBE10-A77A-4B2B-A6A2-0BB4A19C96DC}.Release|Any CPU.Build.0 = Release|Any CPU
		{C6FF5466-5E41-4D30-B65D-2098C30AF5C5}.Debug|Any CPU.ActiveCfg = Debug|Any CPU
		{C6FF5466-5E41-4D30-B65D-2098C30AF5C5}.Debug|Any CPU.Build.0 = Debug|Any CPU
		{C6FF5466-5E41-4D30-B65D-2098C30AF5C5}.Release|Any CPU.ActiveCfg = Release|Any CPU
		{C6FF5466-5E41-4D30-B65D-2098C30AF5C5}.Release|Any CPU.Build.0 = Release|Any CPU
		{29FF0C86-2799-4A4B-B029-E4D03878D674}.Debug|Any CPU.ActiveCfg = Debug|Any CPU
		{29FF0C86-2799-4A4B-B029-E4D03878D674}.Debug|Any CPU.Build.0 = Debug|Any CPU
		{29FF0C86-2799-4A4B-B029-E4D03878D674}.Release|Any CPU.ActiveCfg = Debug|Any CPU
		{29FF0C86-2799-4A4B-B029-E4D03878D674}.Release|Any CPU.Build.0 = Debug|Any CPU
		{1C375568-0742-493F-B985-B867186B674E}.Debug|Any CPU.ActiveCfg = Debug|Any CPU
		{1C375568-0742-493F-B985-B867186B674E}.Debug|Any CPU.Build.0 = Debug|Any CPU
		{1C375568-0742-493F-B985-B867186B674E}.Release|Any CPU.ActiveCfg = Release|Any CPU
		{1C375568-0742-493F-B985-B867186B674E}.Release|Any CPU.Build.0 = Release|Any CPU
	EndGlobalSection
	GlobalSection(SolutionProperties) = preSolution
		HideSolutionNode = FALSE
	EndGlobalSection
EndGlobal
